
Microsoft Visual Studio Solution File, Format Version 12.00
# Visual Studio Version 16
VisualStudioVersion = 16.0.31129.286
MinimumVisualStudioVersion = 10.0.40219.1
Project("{FAE04EC0-301F-11D3-BF4B-00C04F79EFBC}") = "db_GUI", "db_GUI\db_GUI.csproj", "{CBC1A138-40A8-4D4B-AB37-F1EE6706D4CA}"
EndProject
Global
	GlobalSection(SolutionConfigurationPlatforms) = preSolution
		Debug|Any CPU = Debug|Any CPU
		Release|Any CPU = Release|Any CPU
	EndGlobalSection
	GlobalSection(ProjectConfigurationPlatforms) = postSolution
		{CBC1A138-40A8-4D4B-AB37-F1EE6706D4CA}.Debug|Any CPU.ActiveCfg = Debug|Any CPU
		{CBC1A138-40A8-4D4B-AB37-F1EE6706D4CA}.Debug|Any CPU.Build.0 = Debug|Any CPU
		{CBC1A138-40A8-4D4B-AB37-F1EE6706D4CA}.Release|Any CPU.ActiveCfg = Release|Any CPU
		{CBC1A138-40A8-4D4B-AB37-F1EE6706D4CA}.Release|Any CPU.Build.0 = Release|Any CPU
	EndGlobalSection
	GlobalSection(SolutionProperties) = preSolution
		HideSolutionNode = FALSE
	EndGlobalSection
	GlobalSection(ExtensibilityGlobals) = postSolution
		SolutionGuid = {984A8028-6AE5-4E88-9134-9F3CF970AA33}
	EndGlobalSection
EndGlobal
